
Microsoft Visual Studio Solution File, Format Version 12.00
# Visual Studio Version 16
VisualStudioVersion = 16.0.31613.86
MinimumVisualStudioVersion = 10.0.40219.1
Project("{FAE04EC0-301F-11D3-BF4B-00C04F79EFBC}") = "ConsoleApp1", "ConsoleApp1.csproj", "{7FC5F0AD-353E-45C2-AFFC-9B927FC80DE6}"
EndProject
Global
	GlobalSection(SolutionConfigurationPlatforms) = preSolution
		Debug|Any CPU = Debug|Any CPU
		Release|Any CPU = Release|Any CPU
	EndGlobalSection
	GlobalSection(ProjectConfigurationPlatforms) = postSolution
		{7FC5F0AD-353E-45C2-AFFC-9B927FC80DE6}.Debug|Any CPU.ActiveCfg = Debug|Any CPU
		{7FC5F0AD-353E-45C2-AFFC-9B927FC80DE6}.Debug|Any CPU.Build.0 = Debug|Any CPU
		{7FC5F0AD-353E-45C2-AFFC-9B927FC80DE6}.Release|Any CPU.ActiveCfg = Release|Any CPU
		{7FC5F0AD-353E-45C2-AFFC-9B927FC80DE6}.Release|Any CPU.Build.0 = Release|Any CPU
	EndGlobalSection
	GlobalSection(SolutionProperties) = preSolution
		HideSolutionNode = FALSE
	EndGlobalSection
	GlobalSection(ExtensibilityGlobals) = postSolution
		SolutionGuid = {AC56D4F6-9747-44E4-9B6D-741832BF0091}
	EndGlobalSection
EndGlobal
